// !$*UTF8*$!
{
	archiveVersion = 1;
	classes = {
	};
	objectVersion = 77;
	objects = {

/* Begin PBXContainerItemProxy section */
		8E0FB5B12F15C40B0088E8AE /* PBXContainerItemProxy */ = {
			isa = PBXContainerItemProxy;
			containerPortal = 8E0FB59B2F15C40A0088E8AE /* Project object */;
			proxyType = 1;
			remoteGlobalIDString = 8E0FB5A22F15C40A0088E8AE;
			remoteInfo = TableviewNestedCollectionview;
		};
		8E0FB5BB2F15C40B0088E8AE /* PBXContainerItemProxy */ = {
			isa = PBXContainerItemProxy;
			containerPortal = 8E0FB59B2F15C40A0088E8AE /* Project object */;
			proxyType = 1;
			remoteGlobalIDString = 8E0FB5A22F15C40A0088E8AE;
			remoteInfo = TableviewNestedCollectionview;
		};
/* End PBXContainerItemProxy section */

/* Begin PBXFileReference section */
		8E0FB5A32F15C40A0088E8AE /* TableviewNestedCollectionview.app */ = {isa = PBXFileReference; explicitFileType = wrapper.application; includeInIndex = 0; path = TableviewNestedCollectionview.app; sourceTree = BUILT_PRODUCTS_DIR; };
		8E0FB5B02F15C40B0088E8AE /* TableviewNestedCollectionviewTests.xctest */ = {isa = PBXFileReference; explicitFileType = wrapper.cfbundle; includeInIndex = 0; path = TableviewNestedCollectionviewTests.xctest; sourceTree = BUILT_PRODUCTS_DIR; };
		8E0FB5BA2F15C40B0088E8AE /* TableviewNestedCollectionviewUITests.xctest */ = {isa = PBXFileReference; explicitFileType = wrapper.cfbundle; includeInIndex = 0; path = TableviewNestedCollectionviewUITests.xctest; sourceTree = BUILT_PRODUCTS_DIR; };
/* End PBXFileReference section */

/* Begin PBXFileSystemSynchronizedRootGroup section */
		8E0FB5A52F15C40A0088E8AE /* TableviewNestedCollectionview */ = {
			isa = PBXFileSystemSynchronizedRootGroup;
			path = TableviewNestedCollectionview;
			sourceTree = "<group>";
		};
		8E0FB5B32F15C40B0088E8AE /* TableviewNestedCollectionviewTests */ = {
			isa = PBXFileSystemSynchronizedRootGroup;
			path = TableviewNestedCollectionviewTests;
			sourceTree = "<group>";
		};
		8E0FB5BD2F15C40B0088E8AE /* TableviewNestedCollectionviewUITests */ = {
			isa = PBXFileSystemSynchronizedRootGroup;
			path = TableviewNestedCollectionviewUITests;
			sourceTree = "<group>";
		};
/* End PBXFileSystemSynchronizedRootGroup section */

/* Begin PBXFrameworksBuildPhase section */
		8E0FB5A02F15C40A0088E8AE /* Frameworks */ = {
			isa = PBXFrameworksBuildPhase;
			buildActionMask = 2147483647;
			files = (
			);
			runOnlyForDeploymentPostprocessing = 0;
		};
		8E0FB5AD2F15C40B0088E8AE /* Frameworks */ = {
			isa = PBXFrameworksBuildPhase;
			buildActionMask = 2147483647;
			files = (
			);
			runOnlyForDeploymentPostprocessing = 0;
		};
		8E0FB5B72F15C40B0088E8AE /* Frameworks */ = {
			isa = PBXFrameworksBuildPhase;
			buildActionMask = 2147483647;
			files = (
			);
			runOnlyForDeploymentPostprocessing = 0;
		};
/* End PBXFrameworksBuildPhase section */

/* Begin PBXGroup section */
		8E0FB59A2F15C40A0088E8AE = {
			isa = PBXGroup;
			children = (
				8E0FB5A52F15C40A0088E8AE /* TableviewNestedCollectionview */,
				8E0FB5B32F15C40B0088E8AE /* TableviewNestedCollectionviewTests */,
				8E0FB5BD2F15C40B0088E8AE /* TableviewNestedCollectionviewUITests */,
				8E0FB5A42F15C40A0088E8AE /* Products */,
			);
			sourceTree = "<group>";
		};
		8E0FB5A42F15C40A0088E8AE /* Products */ = {
			isa = PBXGroup;
			children = (
				8E0FB5A32F15C40A0088E8AE /* TableviewNestedCollectionview.app */,
				8E0FB5B02F15C40B0088E8AE /* TableviewNestedCollectionviewTests.xctest */,
				8E0FB5BA2F15C40B0088E8AE /* TableviewNestedCollectionviewUITests.xctest */,
			);
			name = Products;
			sourceTree = "<group>";
		};
/* End PBXGroup section */

/* Begin PBXNativeTarget section */
		8E0FB5A22F15C40A0088E8AE /* TableviewNestedCollectionview */ = {
			isa = PBXNativeTarget;
			buildConfigurationList = 8E0FB5C42F15C40B0088E8AE /* Build configuration list for PBXNativeTarget "TableviewNestedCollectionview" */;
			buildPhases = (
				8E0FB59F2F15C40A0088E8AE /* Sources */,
				8E0FB5A02F15C40A0088E8AE /* Frameworks */,
				8E0FB5A12F15C40A0088E8AE /* Resources */,
			);
			buildRules = (
			);
			dependencies = (
			);
			fileSystemSynchronizedGroups = (
				8E0FB5A52F15C40A0088E8AE /* TableviewNestedCollectionview */,
			);
			name = TableviewNestedCollectionview;
			packageProductDependencies = (
			);
			productName = TableviewNestedCollectionview;
			productReference = 8E0FB5A32F15C40A0088E8AE /* TableviewNestedCollectionview.app */;
			productType = "com.apple.product-type.application";
		};
		8E0FB5AF2F15C40B0088E8AE /* TableviewNestedCollectionviewTests */ = {
			isa = PBXNativeTarget;
			buildConfigurationList = 8E0FB5C72F15C40B0088E8AE /* Build configuration list for PBXNativeTarget "TableviewNestedCollectionviewTests" */;
			buildPhases = (
				8E0FB5AC2F15C40B0088E8AE /* Sources */,
				8E0FB5AD2F15C40B0088E8AE /* Frameworks */,
				8E0FB5AE2F15C40B0088E8AE /* Resources */,
			);
			buildRules = (
			);
			dependencies = (
				8E0FB5B22F15C40B0088E8AE /* PBXTargetDependency */,
			);
			fileSystemSynchronizedGroups = (
				8E0FB5B32F15C40B0088E8AE /* TableviewNestedCollectionviewTests */,
			);
			name = TableviewNestedCollectionviewTests;
			packageProductDependencies = (
			);
			productName = TableviewNestedCollectionviewTests;
			productReference = 8E0FB5B02F15C40B0088E8AE /* TableviewNestedCollectionviewTests.xctest */;
			productType = "com.apple.product-type.bundle.unit-test";
		};
		8E0FB5B92F15C40B0088E8AE /* TableviewNestedCollectionviewUITests */ = {
			isa = PBXNativeTarget;
			buildConfigurationList = 8E0FB5CA2F15C40B0088E8AE /* Build configuration list for PBXNativeTarget "TableviewNestedCollectionviewUITests" */;
			buildPhases = (
				8E0FB5B62F15C40B0088E8AE /* Sources */,
				8E0FB5B72F15C40B0088E8AE /* Frameworks */,
				8E0FB5B82F15C40B0088E8AE /* Resources */,
			);
			buildRules = (
			);
			dependencies = (
				8E0FB5BC2F15C40B0088E8AE /* PBXTargetDependency */,
			);
			fileSystemSynchronizedGroups = (
				8E0FB5BD2F15C40B0088E8AE /* TableviewNestedCollectionviewUITests */,
			);
			name = TableviewNestedCollectionviewUITests;
			packageProductDependencies = (
			);
			productName = TableviewNestedCollectionviewUITests;
			productReference = 8E0FB5BA2F15C40B0088E8AE /* TableviewNestedCollectionviewUITests.xctest */;
			productType = "com.apple.product-type.bundle.ui-testing";
		};
/* End PBXNativeTarget section */

/* Begin PBXProject section */
		8E0FB59B2F15C40A0088E8AE /* Project object */ = {
			isa = PBXProject;
			attributes = {
				BuildIndependentTargetsInParallel = 1;
				LastSwiftUpdateCheck = 2600;
				LastUpgradeCheck = 2600;
				TargetAttributes = {
					8E0FB5A22F15C40A0088E8AE = {
						CreatedOnToolsVersion = 26.0;
					};
					8E0FB5AF2F15C40B0088E8AE = {
						CreatedOnToolsVersion = 26.0;
						TestTargetID = 8E0FB5A22F15C40A0088E8AE;
					};
					8E0FB5B92F15C40B0088E8AE = {
						CreatedOnToolsVersion = 26.0;
						TestTargetID = 8E0FB5A22F15C40A0088E8AE;
					};
				};
			};
			buildConfigurationList = 8E0FB59E2F15C40A0088E8AE /* Build configuration list for PBXProject "TableviewNestedCollectionview" */;
			developmentRegion = en;
			hasScannedForEncodings = 0;
			knownRegions = (
				en,
				Base,
			);
			mainGroup = 8E0FB59A2F15C40A0088E8AE;
			minimizedProjectReferenceProxies = 1;
			preferredProjectObjectVersion = 77;
			productRefGroup = 8E0FB5A42F15C40A0088E8AE /* Products */;
			projectDirPath = "";
			projectRoot = "";
			targets = (
				8E0FB5A22F15C40A0088E8AE /* TableviewNestedCollectionview */,
				8E0FB5AF2F15C40B0088E8AE /* TableviewNestedCollectionviewTests */,
				8E0FB5B92F15C40B0088E8AE /* TableviewNestedCollectionviewUITests */,
			);
		};
/* End PBXProject section */

/* Begin PBXResourcesBuildPhase section */
		8E0FB5A12F15C40A0088E8AE /* Resources */ = {
			isa = PBXResourcesBuildPhase;
			buildActionMask = 2147483647;
			files = (
			);
			runOnlyForDeploymentPostprocessing = 0;
		};
		8E0FB5AE2F15C40B0088E8AE /* Resources */ = {
			isa = PBXResourcesBuildPhase;
			buildActionMask = 2147483647;
			files = (
			);
			runOnlyForDeploymentPostprocessing = 0;
		};
		8E0FB5B82F15C40B0088E8AE /* Resources */ = {
			isa = PBXResourcesBuildPhase;
			buildActionMask = 2147483647;
			files = (
			);
			runOnlyForDeploymentPostprocessing = 0;
		};
/* End PBXResourcesBuildPhase section */

/* Begin PBXSourcesBuildPhase section */
		8E0FB59F2F15C40A0088E8AE /* Sources */ = {
			isa = PBXSourcesBuildPhase;
			buildActionMask = 2147483647;
			files = (
			);
			runOnlyForDeploymentPostprocessing = 0;
		};
		8E0FB5AC2F15C40B0088E8AE /* Sources */ = {
			isa = PBXSourcesBuildPhase;
			buildActionMask = 2147483647;
			files = (
			);
			runOnlyForDeploymentPostprocessing = 0;
		};
		8E0FB5B62F15C40B0088E8AE /* Sources */ = {
			isa = PBXSourcesBuildPhase;
			buildActionMask = 2147483647;
			files = (
			);
			runOnlyForDeploymentPostprocessing = 0;
		};
/* End PBXSourcesBuildPhase section */

/* Begin PBXTargetDependency section */
		8E0FB5B22F15C40B0088E8AE /* PBXTargetDependency */ = {
			isa = PBXTargetDependency;
			target = 8E0FB5A22F15C40A0088E8AE /* TableviewNestedCollectionview */;
			targetProxy = 8E0FB5B12F15C40B0088E8AE /* PBXContainerItemProxy */;
		};
		8E0FB5BC2F15C40B0088E8AE /* PBXTargetDependency */ = {
			isa = PBXTargetDependency;
			target = 8E0FB5A22F15C40A0088E8AE /* TableviewNestedCollectionview */;
			targetProxy = 8E0FB5BB2F15C40B0088E8AE /* PBXContainerItemProxy */;
		};
/* End PBXTargetDependency section */

/* Begin XCBuildConfiguration section */
		8E0FB5C22F15C40B0088E8AE /* Debug */ = {
			isa = XCBuildConfiguration;
			buildSettings = {
				ALWAYS_SEARCH_USER_PATHS = NO;
				ASSETCATALOG_COMPILER_GENERATE_SWIFT_ASSET_SYMBOL_EXTENSIONS = YES;
				CLANG_ANALYZER_NONNULL = YES;
				CLANG_ANALYZER_NUMBER_OBJECT_CONVERSION = YES_AGGRESSIVE;
				CLANG_CXX_LANGUAGE_STANDARD = "gnu++20";
				CLANG_ENABLE_MODULES = YES;
				CLANG_ENABLE_OBJC_ARC = YES;
				CLANG_ENABLE_OBJC_WEAK = YES;
				CLANG_WARN_BLOCK_CAPTURE_AUTORELEASING = YES;
				CLANG_WARN_BOOL_CONVERSION = YES;
				CLANG_WARN_COMMA = YES;
				CLANG_WARN_CONSTANT_CONVERSION = YES;
				CLANG_WARN_DEPRECATED_OBJC_IMPLEMENTATIONS = YES;
				CLANG_WARN_DIRECT_OBJC_ISA_USAGE = YES_ERROR;
				CLANG_WARN_DOCUMENTATION_COMMENTS = YES;
				CLANG_WARN_EMPTY_BODY = YES;
				CLANG_WARN_ENUM_CONVERSION = YES;
				CLANG_WARN_INFINITE_RECURSION = YES;
				CLANG_WARN_INT_CONVERSION = YES;
				CLANG_WARN_NON_LITERAL_NULL_CONVERSION = YES;
				CLANG_WARN_OBJC_IMPLICIT_RETAIN_SELF = YES;
				CLANG_WARN_OBJC_LITERAL_CONVERSION = YES;
				CLANG_WARN_OBJC_ROOT_CLASS = YES_ERROR;
				CLANG_WARN_QUOTED_INCLUDE_IN_FRAMEWORK_HEADER = YES;
				CLANG_WARN_RANGE_LOOP_ANALYSIS = YES;
				CLANG_WARN_STRICT_PROTOTYPES = YES;
				CLANG_WARN_SUSPICIOUS_MOVE = YES;
				CLANG_WARN_UNGUARDED_AVAILABILITY = YES_AGGRESSIVE;
				CLANG_WARN_UNREACHABLE_CODE = YES;
				CLANG_WARN__DUPLICATE_METHOD_MATCH = YES;
				COPY_PHASE_STRIP = NO;
				DEBUG_INFORMATION_FORMAT = dwarf;
				ENABLE_STRICT_OBJC_MSGSEND = YES;
				ENABLE_TESTABILITY = YES;
				ENABLE_USER_SCRIPT_SANDBOXING = YES;
				GCC_C_LANGUAGE_STANDARD = gnu17;
				GCC_DYNAMIC_NO_PIC = NO;
				GCC_NO_COMMON_BLOCKS = YES;
				GCC_OPTIMIZATION_LEVEL = 0;
				GCC_PREPROCESSOR_DEFINITIONS = (
					"DEBUG=1",
					"$(inherited)",
				);
				GCC_WARN_64_TO_32_BIT_CONVERSION = YES;
				GCC_WARN_ABOUT_RETURN_TYPE = YES_ERROR;
				GCC_WARN_UNDECLARED_SELECTOR = YES;
				GCC_WARN_UNINITIALIZED_AUTOS = YES_AGGRESSIVE;
				GCC_WARN_UNUSED_FUNCTION = YES;
				GCC_WARN_UNUSED_VARIABLE = YES;
				IPHONEOS_DEPLOYMENT_TARGET = 26.0;
				LOCALIZATION_PREFERS_STRING_CATALOGS = YES;
				MTL_ENABLE_DEBUG_INFO = INCLUDE_SOURCE;
				MTL_FAST_MATH = YES;
				ONLY_ACTIVE_ARCH = YES;
				SDKROOT = iphoneos;
				SWIFT_ACTIVE_COMPILATION_CONDITIONS = "DEBUG $(inherited)";
				SWIFT_OPTIMIZATION_LEVEL = "-Onone";
			};
			name = Debug;
		};
		8E0FB5C32F15C40B0088E8AE /* Release */ = {
			isa = XCBuildConfiguration;
			buildSettings = {
				ALWAYS_SEARCH_USER_PATHS = NO;
				ASSETCATALOG_COMPILER_GENERATE_SWIFT_ASSET_SYMBOL_EXTENSIONS = YES;
				CLANG_ANALYZER_NONNULL = YES;
				CLANG_ANALYZER_NUMBER_OBJECT_CONVERSION = YES_AGGRESSIVE;
				CLANG_CXX_LANGUAGE_STANDARD = "gnu++20";
				CLANG_ENABLE_MODULES = YES;
				CLANG_ENABLE_OBJC_ARC = YES;
				CLANG_ENABLE_OBJC_WEAK = YES;
				CLANG_WARN_BLOCK_CAPTURE_AUTORELEASING = YES;
				CLANG_WARN_BOOL_CONVERSION = YES;
				CLANG_WARN_COMMA = YES;
				CLANG_WARN_CONSTANT_CONVERSION = YES;
				CLANG_WARN_DEPRECATED_OBJC_IMPLEMENTATIONS = YES;
				CLANG_WARN_DIRECT_OBJC_ISA_USAGE = YES_ERROR;
				CLANG_WARN_DOCUMENTATION_COMMENTS = YES;
				CLANG_WARN_EMPTY_BODY = YES;
				CLANG_WARN_ENUM_CONVERSION = YES;
				CLANG_WARN_INFINITE_RECURSION = YES;
				CLANG_WARN_INT_CONVERSION = YES;
				CLANG_WARN_NON_LITERAL_NULL_CONVERSION = YES;
				CLANG_WARN_OBJC_IMPLICIT_RETAIN_SELF = YES;
				CLANG_WARN_OBJC_LITERAL_CONVERSION = YES;
				CLANG_WARN_OBJC_ROOT_CLASS = YES_ERROR;
				CLANG_WARN_QUOTED_INCLUDE_IN_FRAMEWORK_HEADER = YES;
				CLANG_WARN_RANGE_LOOP_ANALYSIS = YES;
				CLANG_WARN_STRICT_PROTOTYPES = YES;
				CLANG_WARN_SUSPICIOUS_MOVE = YES;
				CLANG_WARN_UNGUARDED_AVAILABILITY = YES_AGGRESSIVE;
				CLANG_WARN_UNREACHABLE_CODE = YES;
				CLANG_WARN__DUPLICATE_METHOD_MATCH = YES;
				COPY_PHASE_STRIP = NO;
				DEBUG_INFORMATION_FORMAT = "dwarf-with-dsym";
				ENABLE_NS_ASSERTIONS = NO;
				ENABLE_STRICT_OBJC_MSGSEND = YES;
				ENABLE_USER_SCRIPT_SANDBOXING = YES;
				GCC_C_LANGUAGE_STANDARD = gnu17;
				GCC_NO_COMMON_BLOCKS = YES;
				GCC_WARN_64_TO_32_BIT_CONVERSION = YES;
				GCC_WARN_ABOUT_RETURN_TYPE = YES_ERROR;
				GCC_WARN_UNDECLARED_SELECTOR = YES;
				GCC_WARN_UNINITIALIZED_AUTOS = YES_AGGRESSIVE;
				GCC_WARN_UNUSED_FUNCTION = YES;
				GCC_WARN_UNUSED_VARIABLE = YES;
				IPHONEOS_DEPLOYMENT_TARGET = 26.0;
				LOCALIZATION_PREFERS_STRING_CATALOGS = YES;
				MTL_ENABLE_DEBUG_INFO = NO;
				MTL_FAST_MATH = YES;
				SDKROOT = iphoneos;
				SWIFT_COMPILATION_MODE = wholemodule;
				VALIDATE_PRODUCT = YES;
			};
			name = Release;
		};
		8E0FB5C52F15C40B0088E8AE /* Debug */ = {
			isa = XCBuildConfiguration;
			buildSettings = {
				ASSETCATALOG_COMPILER_APPICON_NAME = AppIcon;
				ASSETCATALOG_COMPILER_GLOBAL_ACCENT_COLOR_NAME = AccentColor;
				CODE_SIGN_STYLE = Automatic;
				CURRENT_PROJECT_VERSION = 1;
				ENABLE_PREVIEWS = YES;
				GENERATE_INFOPLIST_FILE = YES;
				INFOPLIST_KEY_UIApplicationSceneManifest_Generation = YES;
				INFOPLIST_KEY_UIApplicationSupportsIndirectInputEvents = YES;
				INFOPLIST_KEY_UILaunchScreen_Generation = YES;
				INFOPLIST_KEY_UISupportedInterfaceOrientations_iPad = "UIInterfaceOrientationPortrait UIInterfaceOrientationPortraitUpsideDown UIInterfaceOrientationLandscapeLeft UIInterfaceOrientationLandscapeRight";
				INFOPLIST_KEY_UISupportedInterfaceOrientations_iPhone = "UIInterfaceOrientationPortrait UIInterfaceOrientationLandscapeLeft UIInterfaceOrientationLandscapeRight";
				LD_RUNPATH_SEARCH_PATHS = (
					"$(inherited)",
					"@executable_path/Frameworks",
				);
				MARKETING_VERSION = 1.0;
				PRODUCT_BUNDLE_IDENTIFIER = org.TableviewNestedCollectionview;
				PRODUCT_NAME = "$(TARGET_NAME)";
				STRING_CATALOG_GENERATE_SYMBOLS = YES;
				SWIFT_APPROACHABLE_CONCURRENCY = YES;
				SWIFT_DEFAULT_ACTOR_ISOLATION = MainActor;
				SWIFT_EMIT_LOC_STRINGS = YES;
				SWIFT_UPCOMING_FEATURE_MEMBER_IMPORT_VISIBILITY = YES;
				SWIFT_VERSION = 5.0;
				TARGETED_DEVICE_FAMILY = "1,2";
			};
			name = Debug;
		};
		8E0FB5C62F15C40B0088E8AE /* Release */ = {
			isa = XCBuildConfiguration;
			buildSettings = {
				ASSETCATALOG_COMPILER_APPICON_NAME = AppIcon;
				ASSETCATALOG_COMPILER_GLOBAL_ACCENT_COLOR_NAME = AccentColor;
				CODE_SIGN_STYLE = Automatic;
				CURRENT_PROJECT_VERSION = 1;
				ENABLE_PREVIEWS = YES;
				GENERATE_INFOPLIST_FILE = YES;
				INFOPLIST_KEY_UIApplicationSceneManifest_Generation = YES;
				INFOPLIST_KEY_UIApplicationSupportsIndirectInputEvents = YES;
				INFOPLIST_KEY_UILaunchScreen_Generation = YES;
				INFOPLIST_KEY_UISupportedInterfaceOrientations_iPad = "UIInterfaceOrientationPortrait UIInterfaceOrientationPortraitUpsideDown UIInterfaceOrientationLandscapeLeft UIInterfaceOrientationLandscapeRight";
				INFOPLIST_KEY_UISupportedInterfaceOrientations_iPhone = "UIInterfaceOrientationPortrait UIInterfaceOrientationLandscapeLeft UIInterfaceOrientationLandscapeRight";
				LD_RUNPATH_SEARCH_PATHS = (
					"$(inherited)",
					"@executable_path/Frameworks",
				);
				MARKETING_VERSION = 1.0;
				PRODUCT_BUNDLE_IDENTIFIER = org.TableviewNestedCollectionview;
				PRODUCT_NAME = "$(TARGET_NAME)";
				STRING_CATALOG_GENERATE_SYMBOLS = YES;
				SWIFT_APPROACHABLE_CONCURRENCY = YES;
				SWIFT_DEFAULT_ACTOR_ISOLATION = MainActor;
				SWIFT_EMIT_LOC_STRINGS = YES;
				SWIFT_UPCOMING_FEATURE_MEMBER_IMPORT_VISIBILITY = YES;
				SWIFT_VERSION = 5.0;
				TARGETED_DEVICE_FAMILY = "1,2";
			};
			name = Release;
		};
		8E0FB5C82F15C40B0088E8AE /* Debug */ = {
			isa = XCBuildConfiguration;
			buildSettings = {
				BUNDLE_LOADER = "$(TEST_HOST)";
				CODE_SIGN_STYLE = Automatic;
				CURRENT_PROJECT_VERSION = 1;
				GENERATE_INFOPLIST_FILE = YES;
				IPHONEOS_DEPLOYMENT_TARGET = 26.0;
				MARKETING_VERSION = 1.0;
				PRODUCT_BUNDLE_IDENTIFIER = org.TableviewNestedCollectionviewTests;
				PRODUCT_NAME = "$(TARGET_NAME)";
				STRING_CATALOG_GENERATE_SYMBOLS = NO;
				SWIFT_APPROACHABLE_CONCURRENCY = YES;
				SWIFT_EMIT_LOC_STRINGS = NO;
				SWIFT_UPCOMING_FEATURE_MEMBER_IMPORT_VISIBILITY = YES;
				SWIFT_VERSION = 5.0;
				TARGETED_DEVICE_FAMILY = "1,2";
				TEST_HOST = "$(BUILT_PRODUCTS_DIR)/TableviewNestedCollectionview.app/$(BUNDLE_EXECUTABLE_FOLDER_PATH)/TableviewNestedCollectionview";
			};
			name = Debug;
		};
		8E0FB5C92F15C40B0088E8AE /* Release */ = {
			isa = XCBuildConfiguration;
			buildSettings = {
				BUNDLE_LOADER = "$(TEST_HOST)";
				CODE_SIGN_STYLE = Automatic;
				CURRENT_PROJECT_VERSION = 1;
				GENERATE_INFOPLIST_FILE = YES;
				IPHONEOS_DEPLOYMENT_TARGET = 26.0;
				MARKETING_VERSION = 1.0;
				PRODUCT_BUNDLE_IDENTIFIER = org.TableviewNestedCollectionviewTests;
				PRODUCT_NAME = "$(TARGET_NAME)";
				STRING_CATALOG_GENERATE_SYMBOLS = NO;
				SWIFT_APPROACHABLE_CONCURRENCY = YES;
				SWIFT_EMIT_LOC_STRINGS = NO;
				SWIFT_UPCOMING_FEATURE_MEMBER_IMPORT_VISIBILITY = YES;
				SWIFT_VERSION = 5.0;
				TARGETED_DEVICE_FAMILY = "1,2";
				TEST_HOST = "$(BUILT_PRODUCTS_DIR)/TableviewNestedCollectionview.app/$(BUNDLE_EXECUTABLE_FOLDER_PATH)/TableviewNestedCollectionview";
			};
			name = Release;
		};
		8E0FB5CB2F15C40B0088E8AE /* Debug */ = {
			isa = XCBuildConfiguration;
			buildSettings = {
				CODE_SIGN_STYLE = Automatic;
				CURRENT_PROJECT_VERSION = 1;
				GENERATE_INFOPLIST_FILE = YES;
				MARKETING_VERSION = 1.0;
				PRODUCT_BUNDLE_IDENTIFIER = org.TableviewNestedCollectionviewUITests;
				PRODUCT_NAME = "$(TARGET_NAME)";
				STRING_CATALOG_GENERATE_SYMBOLS = NO;
				SWIFT_APPROACHABLE_CONCURRENCY = YES;
				SWIFT_EMIT_LOC_STRINGS = NO;
				SWIFT_UPCOMING_FEATURE_MEMBER_IMPORT_VISIBILITY = YES;
				SWIFT_VERSION = 5.0;
				TARGETED_DEVICE_FAMILY = "1,2";
				TEST_TARGET_NAME = TableviewNestedCollectionview;
			};
			name = Debug;
		};
		8E0FB5CC2F15C40B0088E8AE /* Release */ = {
			isa = XCBuildConfiguration;
			buildSettings = {
				CODE_SIGN_STYLE = Automatic;
				CURRENT_PROJECT_VERSION = 1;
				GENERATE_INFOPLIST_FILE = YES;
				MARKETING_VERSION = 1.0;
				PRODUCT_BUNDLE_IDENTIFIER = org.TableviewNestedCollectionviewUITests;
				PRODUCT_NAME = "$(TARGET_NAME)";
				STRING_CATALOG_GENERATE_SYMBOLS = NO;
				SWIFT_APPROACHABLE_CONCURRENCY = YES;
				SWIFT_EMIT_LOC_STRINGS = NO;
				SWIFT_UPCOMING_FEATURE_MEMBER_IMPORT_VISIBILITY = YES;
				SWIFT_VERSION = 5.0;
				TARGETED_DEVICE_FAMILY = "1,2";
				TEST_TARGET_NAME = TableviewNestedCollectionview;
			};
			name = Release;
		};
/* End XCBuildConfiguration section */

/* Begin XCConfigurationList section */
		8E0FB59E2F15C40A0088E8AE /* Build configuration list for PBXProject "TableviewNestedCollectionview" */ = {
			isa = XCConfigurationList;
			buildConfigurations = (
				8E0FB5C22F15C40B0088E8AE /* Debug */,
				8E0FB5C32F15C40B0088E8AE /* Release */,
			);
			defaultConfigurationIsVisible = 0;
			defaultConfigurationName = Release;
		};
		8E0FB5C42F15C40B0088E8AE /* Build configuration list for PBXNativeTarget "TableviewNestedCollectionview" */ = {
			isa = XCConfigurationList;
			buildConfigurations = (
				8E0FB5C52F15C40B0088E8AE /* Debug */,
				8E0FB5C62F15C40B0088E8AE /* Release */,
			);
			defaultConfigurationIsVisible = 0;
			defaultConfigurationName = Release;
		};
		8E0FB5C72F15C40B0088E8AE /* Build configuration list for PBXNativeTarget "TableviewNestedCollectionviewTests" */ = {
			isa = XCConfigurationList;
			buildConfigurations = (
				8E0FB5C82F15C40B0088E8AE /* Debug */,
				8E0FB5C92F15C40B0088E8AE /* Release */,
			);
			defaultConfigurationIsVisible = 0;
			defaultConfigurationName = Release;
		};
		8E0FB5CA2F15C40B0088E8AE /* Build configuration list for PBXNativeTarget "TableviewNestedCollectionviewUITests" */ = {
			isa = XCConfigurationList;
			buildConfigurations = (
				8E0FB5CB2F15C40B0088E8AE /* Debug */,
				8E0FB5CC2F15C40B0088E8AE /* Release */,
			);
			defaultConfigurationIsVisible = 0;
			defaultConfigurationName = Release;
		};
/* End XCConfigurationList section */
	};
	rootObject = 8E0FB59B2F15C40A0088E8AE /* Project object */;
}
