// !$*UTF8*$!
{
	archiveVersion = 1;
	classes = {
	};
	objectVersion = 77;
	objects = {

/* Begin PBXContainerItemProxy section */
		8E69437E2F47CC70000F9ABE /* PBXContainerItemProxy */ = {
			isa = PBXContainerItemProxy;
			containerPortal = 8E6943662F47CC6E000F9ABE /* Project object */;
			proxyType = 1;
			remoteGlobalIDString = 8E69436D2F47CC6E000F9ABE;
			remoteInfo = PersistenceSwiftDataTodoList;
		};
		8E6943882F47CC70000F9ABE /* PBXContainerItemProxy */ = {
			isa = PBXContainerItemProxy;
			containerPortal = 8E6943662F47CC6E000F9ABE /* Project object */;
			proxyType = 1;
			remoteGlobalIDString = 8E69436D2F47CC6E000F9ABE;
			remoteInfo = PersistenceSwiftDataTodoList;
		};
/* End PBXContainerItemProxy section */

/* Begin PBXFileReference section */
		8E69436E2F47CC6E000F9ABE /* PersistenceSwiftDataTodoList.app */ = {isa = PBXFileReference; explicitFileType = wrapper.application; includeInIndex = 0; path = PersistenceSwiftDataTodoList.app; sourceTree = BUILT_PRODUCTS_DIR; };
		8E69437D2F47CC70000F9ABE /* PersistenceSwiftDataTodoListTests.xctest */ = {isa = PBXFileReference; explicitFileType = wrapper.cfbundle; includeInIndex = 0; path = PersistenceSwiftDataTodoListTests.xctest; sourceTree = BUILT_PRODUCTS_DIR; };
		8E6943872F47CC70000F9ABE /* PersistenceSwiftDataTodoListUITests.xctest */ = {isa = PBXFileReference; explicitFileType = wrapper.cfbundle; includeInIndex = 0; path = PersistenceSwiftDataTodoListUITests.xctest; sourceTree = BUILT_PRODUCTS_DIR; };
/* End PBXFileReference section */

/* Begin PBXFileSystemSynchronizedRootGroup section */
		8E6943702F47CC6E000F9ABE /* PersistenceSwiftDataTodoList */ = {
			isa = PBXFileSystemSynchronizedRootGroup;
			path = PersistenceSwiftDataTodoList;
			sourceTree = "<group>";
		};
		8E6943802F47CC70000F9ABE /* PersistenceSwiftDataTodoListTests */ = {
			isa = PBXFileSystemSynchronizedRootGroup;
			path = PersistenceSwiftDataTodoListTests;
			sourceTree = "<group>";
		};
		8E69438A2F47CC70000F9ABE /* PersistenceSwiftDataTodoListUITests */ = {
			isa = PBXFileSystemSynchronizedRootGroup;
			path = PersistenceSwiftDataTodoListUITests;
			sourceTree = "<group>";
		};
/* End PBXFileSystemSynchronizedRootGroup section */

/* Begin PBXFrameworksBuildPhase section */
		8E69436B2F47CC6E000F9ABE /* Frameworks */ = {
			isa = PBXFrameworksBuildPhase;
			buildActionMask = 2147483647;
			files = (
			);
			runOnlyForDeploymentPostprocessing = 0;
		};
		8E69437A2F47CC70000F9ABE /* Frameworks */ = {
			isa = PBXFrameworksBuildPhase;
			buildActionMask = 2147483647;
			files = (
			);
			runOnlyForDeploymentPostprocessing = 0;
		};
		8E6943842F47CC70000F9ABE /* Frameworks */ = {
			isa = PBXFrameworksBuildPhase;
			buildActionMask = 2147483647;
			files = (
			);
			runOnlyForDeploymentPostprocessing = 0;
		};
/* End PBXFrameworksBuildPhase section */

/* Begin PBXGroup section */
		8E6943652F47CC6E000F9ABE = {
			isa = PBXGroup;
			children = (
				8E6943702F47CC6E000F9ABE /* PersistenceSwiftDataTodoList */,
				8E6943802F47CC70000F9ABE /* PersistenceSwiftDataTodoListTests */,
				8E69438A2F47CC70000F9ABE /* PersistenceSwiftDataTodoListUITests */,
				8E69436F2F47CC6E000F9ABE /* Products */,
			);
			sourceTree = "<group>";
		};
		8E69436F2F47CC6E000F9ABE /* Products */ = {
			isa = PBXGroup;
			children = (
				8E69436E2F47CC6E000F9ABE /* PersistenceSwiftDataTodoList.app */,
				8E69437D2F47CC70000F9ABE /* PersistenceSwiftDataTodoListTests.xctest */,
				8E6943872F47CC70000F9ABE /* PersistenceSwiftDataTodoListUITests.xctest */,
			);
			name = Products;
			sourceTree = "<group>";
		};
/* End PBXGroup section */

/* Begin PBXNativeTarget section */
		8E69436D2F47CC6E000F9ABE /* PersistenceSwiftDataTodoList */ = {
			isa = PBXNativeTarget;
			buildConfigurationList = 8E6943912F47CC70000F9ABE /* Build configuration list for PBXNativeTarget "PersistenceSwiftDataTodoList" */;
			buildPhases = (
				8E69436A2F47CC6E000F9ABE /* Sources */,
				8E69436B2F47CC6E000F9ABE /* Frameworks */,
				8E69436C2F47CC6E000F9ABE /* Resources */,
			);
			buildRules = (
			);
			dependencies = (
			);
			fileSystemSynchronizedGroups = (
				8E6943702F47CC6E000F9ABE /* PersistenceSwiftDataTodoList */,
			);
			name = PersistenceSwiftDataTodoList;
			packageProductDependencies = (
			);
			productName = PersistenceSwiftDataTodoList;
			productReference = 8E69436E2F47CC6E000F9ABE /* PersistenceSwiftDataTodoList.app */;
			productType = "com.apple.product-type.application";
		};
		8E69437C2F47CC70000F9ABE /* PersistenceSwiftDataTodoListTests */ = {
			isa = PBXNativeTarget;
			buildConfigurationList = 8E6943942F47CC70000F9ABE /* Build configuration list for PBXNativeTarget "PersistenceSwiftDataTodoListTests" */;
			buildPhases = (
				8E6943792F47CC70000F9ABE /* Sources */,
				8E69437A2F47CC70000F9ABE /* Frameworks */,
				8E69437B2F47CC70000F9ABE /* Resources */,
			);
			buildRules = (
			);
			dependencies = (
				8E69437F2F47CC70000F9ABE /* PBXTargetDependency */,
			);
			fileSystemSynchronizedGroups = (
				8E6943802F47CC70000F9ABE /* PersistenceSwiftDataTodoListTests */,
			);
			name = PersistenceSwiftDataTodoListTests;
			packageProductDependencies = (
			);
			productName = PersistenceSwiftDataTodoListTests;
			productReference = 8E69437D2F47CC70000F9ABE /* PersistenceSwiftDataTodoListTests.xctest */;
			productType = "com.apple.product-type.bundle.unit-test";
		};
		8E6943862F47CC70000F9ABE /* PersistenceSwiftDataTodoListUITests */ = {
			isa = PBXNativeTarget;
			buildConfigurationList = 8E6943972F47CC70000F9ABE /* Build configuration list for PBXNativeTarget "PersistenceSwiftDataTodoListUITests" */;
			buildPhases = (
				8E6943832F47CC70000F9ABE /* Sources */,
				8E6943842F47CC70000F9ABE /* Frameworks */,
				8E6943852F47CC70000F9ABE /* Resources */,
			);
			buildRules = (
			);
			dependencies = (
				8E6943892F47CC70000F9ABE /* PBXTargetDependency */,
			);
			fileSystemSynchronizedGroups = (
				8E69438A2F47CC70000F9ABE /* PersistenceSwiftDataTodoListUITests */,
			);
			name = PersistenceSwiftDataTodoListUITests;
			packageProductDependencies = (
			);
			productName = PersistenceSwiftDataTodoListUITests;
			productReference = 8E6943872F47CC70000F9ABE /* PersistenceSwiftDataTodoListUITests.xctest */;
			productType = "com.apple.product-type.bundle.ui-testing";
		};
/* End PBXNativeTarget section */

/* Begin PBXProject section */
		8E6943662F47CC6E000F9ABE /* Project object */ = {
			isa = PBXProject;
			attributes = {
				BuildIndependentTargetsInParallel = 1;
				LastSwiftUpdateCheck = 2600;
				LastUpgradeCheck = 2600;
				TargetAttributes = {
					8E69436D2F47CC6E000F9ABE = {
						CreatedOnToolsVersion = 26.0;
					};
					8E69437C2F47CC70000F9ABE = {
						CreatedOnToolsVersion = 26.0;
						TestTargetID = 8E69436D2F47CC6E000F9ABE;
					};
					8E6943862F47CC70000F9ABE = {
						CreatedOnToolsVersion = 26.0;
						TestTargetID = 8E69436D2F47CC6E000F9ABE;
					};
				};
			};
			buildConfigurationList = 8E6943692F47CC6E000F9ABE /* Build configuration list for PBXProject "PersistenceSwiftDataTodoList" */;
			developmentRegion = en;
			hasScannedForEncodings = 0;
			knownRegions = (
				en,
				Base,
			);
			mainGroup = 8E6943652F47CC6E000F9ABE;
			minimizedProjectReferenceProxies = 1;
			preferredProjectObjectVersion = 77;
			productRefGroup = 8E69436F2F47CC6E000F9ABE /* Products */;
			projectDirPath = "";
			projectRoot = "";
			targets = (
				8E69436D2F47CC6E000F9ABE /* PersistenceSwiftDataTodoList */,
				8E69437C2F47CC70000F9ABE /* PersistenceSwiftDataTodoListTests */,
				8E6943862F47CC70000F9ABE /* PersistenceSwiftDataTodoListUITests */,
			);
		};
/* End PBXProject section */

/* Begin PBXResourcesBuildPhase section */
		8E69436C2F47CC6E000F9ABE /* Resources */ = {
			isa = PBXResourcesBuildPhase;
			buildActionMask = 2147483647;
			files = (
			);
			runOnlyForDeploymentPostprocessing = 0;
		};
		8E69437B2F47CC70000F9ABE /* Resources */ = {
			isa = PBXResourcesBuildPhase;
			buildActionMask = 2147483647;
			files = (
			);
			runOnlyForDeploymentPostprocessing = 0;
		};
		8E6943852F47CC70000F9ABE /* Resources */ = {
			isa = PBXResourcesBuildPhase;
			buildActionMask = 2147483647;
			files = (
			);
			runOnlyForDeploymentPostprocessing = 0;
		};
/* End PBXResourcesBuildPhase section */

/* Begin PBXSourcesBuildPhase section */
		8E69436A2F47CC6E000F9ABE /* Sources */ = {
			isa = PBXSourcesBuildPhase;
			buildActionMask = 2147483647;
			files = (
			);
			runOnlyForDeploymentPostprocessing = 0;
		};
		8E6943792F47CC70000F9ABE /* Sources */ = {
			isa = PBXSourcesBuildPhase;
			buildActionMask = 2147483647;
			files = (
			);
			runOnlyForDeploymentPostprocessing = 0;
		};
		8E6943832F47CC70000F9ABE /* Sources */ = {
			isa = PBXSourcesBuildPhase;
			buildActionMask = 2147483647;
			files = (
			);
			runOnlyForDeploymentPostprocessing = 0;
		};
/* End PBXSourcesBuildPhase section */

/* Begin PBXTargetDependency section */
		8E69437F2F47CC70000F9ABE /* PBXTargetDependency */ = {
			isa = PBXTargetDependency;
			target = 8E69436D2F47CC6E000F9ABE /* PersistenceSwiftDataTodoList */;
			targetProxy = 8E69437E2F47CC70000F9ABE /* PBXContainerItemProxy */;
		};
		8E6943892F47CC70000F9ABE /* PBXTargetDependency */ = {
			isa = PBXTargetDependency;
			target = 8E69436D2F47CC6E000F9ABE /* PersistenceSwiftDataTodoList */;
			targetProxy = 8E6943882F47CC70000F9ABE /* PBXContainerItemProxy */;
		};
/* End PBXTargetDependency section */

/* Begin XCBuildConfiguration section */
		8E69438F2F47CC70000F9ABE /* Debug */ = {
			isa = XCBuildConfiguration;
			buildSettings = {
				ALWAYS_SEARCH_USER_PATHS = NO;
				ASSETCATALOG_COMPILER_GENERATE_SWIFT_ASSET_SYMBOL_EXTENSIONS = YES;
				CLANG_ANALYZER_NONNULL = YES;
				CLANG_ANALYZER_NUMBER_OBJECT_CONVERSION = YES_AGGRESSIVE;
				CLANG_CXX_LANGUAGE_STANDARD = "gnu++20";
				CLANG_ENABLE_MODULES = YES;
				CLANG_ENABLE_OBJC_ARC = YES;
				CLANG_ENABLE_OBJC_WEAK = YES;
				CLANG_WARN_BLOCK_CAPTURE_AUTORELEASING = YES;
				CLANG_WARN_BOOL_CONVERSION = YES;
				CLANG_WARN_COMMA = YES;
				CLANG_WARN_CONSTANT_CONVERSION = YES;
				CLANG_WARN_DEPRECATED_OBJC_IMPLEMENTATIONS = YES;
				CLANG_WARN_DIRECT_OBJC_ISA_USAGE = YES_ERROR;
				CLANG_WARN_DOCUMENTATION_COMMENTS = YES;
				CLANG_WARN_EMPTY_BODY = YES;
				CLANG_WARN_ENUM_CONVERSION = YES;
				CLANG_WARN_INFINITE_RECURSION = YES;
				CLANG_WARN_INT_CONVERSION = YES;
				CLANG_WARN_NON_LITERAL_NULL_CONVERSION = YES;
				CLANG_WARN_OBJC_IMPLICIT_RETAIN_SELF = YES;
				CLANG_WARN_OBJC_LITERAL_CONVERSION = YES;
				CLANG_WARN_OBJC_ROOT_CLASS = YES_ERROR;
				CLANG_WARN_QUOTED_INCLUDE_IN_FRAMEWORK_HEADER = YES;
				CLANG_WARN_RANGE_LOOP_ANALYSIS = YES;
				CLANG_WARN_STRICT_PROTOTYPES = YES;
				CLANG_WARN_SUSPICIOUS_MOVE = YES;
				CLANG_WARN_UNGUARDED_AVAILABILITY = YES_AGGRESSIVE;
				CLANG_WARN_UNREACHABLE_CODE = YES;
				CLANG_WARN__DUPLICATE_METHOD_MATCH = YES;
				COPY_PHASE_STRIP = NO;
				DEBUG_INFORMATION_FORMAT = dwarf;
				ENABLE_STRICT_OBJC_MSGSEND = YES;
				ENABLE_TESTABILITY = YES;
				ENABLE_USER_SCRIPT_SANDBOXING = YES;
				GCC_C_LANGUAGE_STANDARD = gnu17;
				GCC_DYNAMIC_NO_PIC = NO;
				GCC_NO_COMMON_BLOCKS = YES;
				GCC_OPTIMIZATION_LEVEL = 0;
				GCC_PREPROCESSOR_DEFINITIONS = (
					"DEBUG=1",
					"$(inherited)",
				);
				GCC_WARN_64_TO_32_BIT_CONVERSION = YES;
				GCC_WARN_ABOUT_RETURN_TYPE = YES_ERROR;
				GCC_WARN_UNDECLARED_SELECTOR = YES;
				GCC_WARN_UNINITIALIZED_AUTOS = YES_AGGRESSIVE;
				GCC_WARN_UNUSED_FUNCTION = YES;
				GCC_WARN_UNUSED_VARIABLE = YES;
				IPHONEOS_DEPLOYMENT_TARGET = 26.0;
				LOCALIZATION_PREFERS_STRING_CATALOGS = YES;
				MTL_ENABLE_DEBUG_INFO = INCLUDE_SOURCE;
				MTL_FAST_MATH = YES;
				ONLY_ACTIVE_ARCH = YES;
				SDKROOT = iphoneos;
				SWIFT_ACTIVE_COMPILATION_CONDITIONS = "DEBUG $(inherited)";
				SWIFT_OPTIMIZATION_LEVEL = "-Onone";
			};
			name = Debug;
		};
		8E6943902F47CC70000F9ABE /* Release */ = {
			isa = XCBuildConfiguration;
			buildSettings = {
				ALWAYS_SEARCH_USER_PATHS = NO;
				ASSETCATALOG_COMPILER_GENERATE_SWIFT_ASSET_SYMBOL_EXTENSIONS = YES;
				CLANG_ANALYZER_NONNULL = YES;
				CLANG_ANALYZER_NUMBER_OBJECT_CONVERSION = YES_AGGRESSIVE;
				CLANG_CXX_LANGUAGE_STANDARD = "gnu++20";
				CLANG_ENABLE_MODULES = YES;
				CLANG_ENABLE_OBJC_ARC = YES;
				CLANG_ENABLE_OBJC_WEAK = YES;
				CLANG_WARN_BLOCK_CAPTURE_AUTORELEASING = YES;
				CLANG_WARN_BOOL_CONVERSION = YES;
				CLANG_WARN_COMMA = YES;
				CLANG_WARN_CONSTANT_CONVERSION = YES;
				CLANG_WARN_DEPRECATED_OBJC_IMPLEMENTATIONS = YES;
				CLANG_WARN_DIRECT_OBJC_ISA_USAGE = YES_ERROR;
				CLANG_WARN_DOCUMENTATION_COMMENTS = YES;
				CLANG_WARN_EMPTY_BODY = YES;
				CLANG_WARN_ENUM_CONVERSION = YES;
				CLANG_WARN_INFINITE_RECURSION = YES;
				CLANG_WARN_INT_CONVERSION = YES;
				CLANG_WARN_NON_LITERAL_NULL_CONVERSION = YES;
				CLANG_WARN_OBJC_IMPLICIT_RETAIN_SELF = YES;
				CLANG_WARN_OBJC_LITERAL_CONVERSION = YES;
				CLANG_WARN_OBJC_ROOT_CLASS = YES_ERROR;
				CLANG_WARN_QUOTED_INCLUDE_IN_FRAMEWORK_HEADER = YES;
				CLANG_WARN_RANGE_LOOP_ANALYSIS = YES;
				CLANG_WARN_STRICT_PROTOTYPES = YES;
				CLANG_WARN_SUSPICIOUS_MOVE = YES;
				CLANG_WARN_UNGUARDED_AVAILABILITY = YES_AGGRESSIVE;
				CLANG_WARN_UNREACHABLE_CODE = YES;
				CLANG_WARN__DUPLICATE_METHOD_MATCH = YES;
				COPY_PHASE_STRIP = NO;
				DEBUG_INFORMATION_FORMAT = "dwarf-with-dsym";
				ENABLE_NS_ASSERTIONS = NO;
				ENABLE_STRICT_OBJC_MSGSEND = YES;
				ENABLE_USER_SCRIPT_SANDBOXING = YES;
				GCC_C_LANGUAGE_STANDARD = gnu17;
				GCC_NO_COMMON_BLOCKS = YES;
				GCC_WARN_64_TO_32_BIT_CONVERSION = YES;
				GCC_WARN_ABOUT_RETURN_TYPE = YES_ERROR;
				GCC_WARN_UNDECLARED_SELECTOR = YES;
				GCC_WARN_UNINITIALIZED_AUTOS = YES_AGGRESSIVE;
				GCC_WARN_UNUSED_FUNCTION = YES;
				GCC_WARN_UNUSED_VARIABLE = YES;
				IPHONEOS_DEPLOYMENT_TARGET = 26.0;
				LOCALIZATION_PREFERS_STRING_CATALOGS = YES;
				MTL_ENABLE_DEBUG_INFO = NO;
				MTL_FAST_MATH = YES;
				SDKROOT = iphoneos;
				SWIFT_COMPILATION_MODE = wholemodule;
				VALIDATE_PRODUCT = YES;
			};
			name = Release;
		};
		8E6943922F47CC70000F9ABE /* Debug */ = {
			isa = XCBuildConfiguration;
			buildSettings = {
				ASSETCATALOG_COMPILER_APPICON_NAME = AppIcon;
				ASSETCATALOG_COMPILER_GLOBAL_ACCENT_COLOR_NAME = AccentColor;
				CODE_SIGN_STYLE = Automatic;
				CURRENT_PROJECT_VERSION = 1;
				ENABLE_PREVIEWS = YES;
				GENERATE_INFOPLIST_FILE = YES;
				INFOPLIST_KEY_UIApplicationSceneManifest_Generation = YES;
				INFOPLIST_KEY_UIApplicationSupportsIndirectInputEvents = YES;
				INFOPLIST_KEY_UILaunchScreen_Generation = YES;
				INFOPLIST_KEY_UISupportedInterfaceOrientations_iPad = "UIInterfaceOrientationPortrait UIInterfaceOrientationPortraitUpsideDown UIInterfaceOrientationLandscapeLeft UIInterfaceOrientationLandscapeRight";
				INFOPLIST_KEY_UISupportedInterfaceOrientations_iPhone = "UIInterfaceOrientationPortrait UIInterfaceOrientationLandscapeLeft UIInterfaceOrientationLandscapeRight";
				LD_RUNPATH_SEARCH_PATHS = (
					"$(inherited)",
					"@executable_path/Frameworks",
				);
				MARKETING_VERSION = 1.0;
				PRODUCT_BUNDLE_IDENTIFIER = org.PersistenceSwiftDataTodoList;
				PRODUCT_NAME = "$(TARGET_NAME)";
				STRING_CATALOG_GENERATE_SYMBOLS = YES;
				SWIFT_APPROACHABLE_CONCURRENCY = YES;
				SWIFT_DEFAULT_ACTOR_ISOLATION = MainActor;
				SWIFT_EMIT_LOC_STRINGS = YES;
				SWIFT_UPCOMING_FEATURE_MEMBER_IMPORT_VISIBILITY = YES;
				SWIFT_VERSION = 5.0;
				TARGETED_DEVICE_FAMILY = "1,2";
			};
			name = Debug;
		};
		8E6943932F47CC70000F9ABE /* Release */ = {
			isa = XCBuildConfiguration;
			buildSettings = {
				ASSETCATALOG_COMPILER_APPICON_NAME = AppIcon;
				ASSETCATALOG_COMPILER_GLOBAL_ACCENT_COLOR_NAME = AccentColor;
				CODE_SIGN_STYLE = Automatic;
				CURRENT_PROJECT_VERSION = 1;
				ENABLE_PREVIEWS = YES;
				GENERATE_INFOPLIST_FILE = YES;
				INFOPLIST_KEY_UIApplicationSceneManifest_Generation = YES;
				INFOPLIST_KEY_UIApplicationSupportsIndirectInputEvents = YES;
				INFOPLIST_KEY_UILaunchScreen_Generation = YES;
				INFOPLIST_KEY_UISupportedInterfaceOrientations_iPad = "UIInterfaceOrientationPortrait UIInterfaceOrientationPortraitUpsideDown UIInterfaceOrientationLandscapeLeft UIInterfaceOrientationLandscapeRight";
				INFOPLIST_KEY_UISupportedInterfaceOrientations_iPhone = "UIInterfaceOrientationPortrait UIInterfaceOrientationLandscapeLeft UIInterfaceOrientationLandscapeRight";
				LD_RUNPATH_SEARCH_PATHS = (
					"$(inherited)",
					"@executable_path/Frameworks",
				);
				MARKETING_VERSION = 1.0;
				PRODUCT_BUNDLE_IDENTIFIER = org.PersistenceSwiftDataTodoList;
				PRODUCT_NAME = "$(TARGET_NAME)";
				STRING_CATALOG_GENERATE_SYMBOLS = YES;
				SWIFT_APPROACHABLE_CONCURRENCY = YES;
				SWIFT_DEFAULT_ACTOR_ISOLATION = MainActor;
				SWIFT_EMIT_LOC_STRINGS = YES;
				SWIFT_UPCOMING_FEATURE_MEMBER_IMPORT_VISIBILITY = YES;
				SWIFT_VERSION = 5.0;
				TARGETED_DEVICE_FAMILY = "1,2";
			};
			name = Release;
		};
		8E6943952F47CC70000F9ABE /* Debug */ = {
			isa = XCBuildConfiguration;
			buildSettings = {
				BUNDLE_LOADER = "$(TEST_HOST)";
				CODE_SIGN_STYLE = Automatic;
				CURRENT_PROJECT_VERSION = 1;
				GENERATE_INFOPLIST_FILE = YES;
				IPHONEOS_DEPLOYMENT_TARGET = 26.0;
				MARKETING_VERSION = 1.0;
				PRODUCT_BUNDLE_IDENTIFIER = org.PersistenceSwiftDataTodoListTests;
				PRODUCT_NAME = "$(TARGET_NAME)";
				STRING_CATALOG_GENERATE_SYMBOLS = NO;
				SWIFT_APPROACHABLE_CONCURRENCY = YES;
				SWIFT_EMIT_LOC_STRINGS = NO;
				SWIFT_UPCOMING_FEATURE_MEMBER_IMPORT_VISIBILITY = YES;
				SWIFT_VERSION = 5.0;
				TARGETED_DEVICE_FAMILY = "1,2";
				TEST_HOST = "$(BUILT_PRODUCTS_DIR)/PersistenceSwiftDataTodoList.app/$(BUNDLE_EXECUTABLE_FOLDER_PATH)/PersistenceSwiftDataTodoList";
			};
			name = Debug;
		};
		8E6943962F47CC70000F9ABE /* Release */ = {
			isa = XCBuildConfiguration;
			buildSettings = {
				BUNDLE_LOADER = "$(TEST_HOST)";
				CODE_SIGN_STYLE = Automatic;
				CURRENT_PROJECT_VERSION = 1;
				GENERATE_INFOPLIST_FILE = YES;
				IPHONEOS_DEPLOYMENT_TARGET = 26.0;
				MARKETING_VERSION = 1.0;
				PRODUCT_BUNDLE_IDENTIFIER = org.PersistenceSwiftDataTodoListTests;
				PRODUCT_NAME = "$(TARGET_NAME)";
				STRING_CATALOG_GENERATE_SYMBOLS = NO;
				SWIFT_APPROACHABLE_CONCURRENCY = YES;
				SWIFT_EMIT_LOC_STRINGS = NO;
				SWIFT_UPCOMING_FEATURE_MEMBER_IMPORT_VISIBILITY = YES;
				SWIFT_VERSION = 5.0;
				TARGETED_DEVICE_FAMILY = "1,2";
				TEST_HOST = "$(BUILT_PRODUCTS_DIR)/PersistenceSwiftDataTodoList.app/$(BUNDLE_EXECUTABLE_FOLDER_PATH)/PersistenceSwiftDataTodoList";
			};
			name = Release;
		};
		8E6943982F47CC70000F9ABE /* Debug */ = {
			isa = XCBuildConfiguration;
			buildSettings = {
				CODE_SIGN_STYLE = Automatic;
				CURRENT_PROJECT_VERSION = 1;
				GENERATE_INFOPLIST_FILE = YES;
				MARKETING_VERSION = 1.0;
				PRODUCT_BUNDLE_IDENTIFIER = org.PersistenceSwiftDataTodoListUITests;
				PRODUCT_NAME = "$(TARGET_NAME)";
				STRING_CATALOG_GENERATE_SYMBOLS = NO;
				SWIFT_APPROACHABLE_CONCURRENCY = YES;
				SWIFT_EMIT_LOC_STRINGS = NO;
				SWIFT_UPCOMING_FEATURE_MEMBER_IMPORT_VISIBILITY = YES;
				SWIFT_VERSION = 5.0;
				TARGETED_DEVICE_FAMILY = "1,2";
				TEST_TARGET_NAME = PersistenceSwiftDataTodoList;
			};
			name = Debug;
		};
		8E6943992F47CC70000F9ABE /* Release */ = {
			isa = XCBuildConfiguration;
			buildSettings = {
				CODE_SIGN_STYLE = Automatic;
				CURRENT_PROJECT_VERSION = 1;
				GENERATE_INFOPLIST_FILE = YES;
				MARKETING_VERSION = 1.0;
				PRODUCT_BUNDLE_IDENTIFIER = org.PersistenceSwiftDataTodoListUITests;
				PRODUCT_NAME = "$(TARGET_NAME)";
				STRING_CATALOG_GENERATE_SYMBOLS = NO;
				SWIFT_APPROACHABLE_CONCURRENCY = YES;
				SWIFT_EMIT_LOC_STRINGS = NO;
				SWIFT_UPCOMING_FEATURE_MEMBER_IMPORT_VISIBILITY = YES;
				SWIFT_VERSION = 5.0;
				TARGETED_DEVICE_FAMILY = "1,2";
				TEST_TARGET_NAME = PersistenceSwiftDataTodoList;
			};
			name = Release;
		};
/* End XCBuildConfiguration section */

/* Begin XCConfigurationList section */
		8E6943692F47CC6E000F9ABE /* Build configuration list for PBXProject "PersistenceSwiftDataTodoList" */ = {
			isa = XCConfigurationList;
			buildConfigurations = (
				8E69438F2F47CC70000F9ABE /* Debug */,
				8E6943902F47CC70000F9ABE /* Release */,
			);
			defaultConfigurationIsVisible = 0;
			defaultConfigurationName = Release;
		};
		8E6943912F47CC70000F9ABE /* Build configuration list for PBXNativeTarget "PersistenceSwiftDataTodoList" */ = {
			isa = XCConfigurationList;
			buildConfigurations = (
				8E6943922F47CC70000F9ABE /* Debug */,
				8E6943932F47CC70000F9ABE /* Release */,
			);
			defaultConfigurationIsVisible = 0;
			defaultConfigurationName = Release;
		};
		8E6943942F47CC70000F9ABE /* Build configuration list for PBXNativeTarget "PersistenceSwiftDataTodoListTests" */ = {
			isa = XCConfigurationList;
			buildConfigurations = (
				8E6943952F47CC70000F9ABE /* Debug */,
				8E6943962F47CC70000F9ABE /* Release */,
			);
			defaultConfigurationIsVisible = 0;
			defaultConfigurationName = Release;
		};
		8E6943972F47CC70000F9ABE /* Build configuration list for PBXNativeTarget "PersistenceSwiftDataTodoListUITests" */ = {
			isa = XCConfigurationList;
			buildConfigurations = (
				8E6943982F47CC70000F9ABE /* Debug */,
				8E6943992F47CC70000F9ABE /* Release */,
			);
			defaultConfigurationIsVisible = 0;
			defaultConfigurationName = Release;
		};
/* End XCConfigurationList section */
	};
	rootObject = 8E6943662F47CC6E000F9ABE /* Project object */;
}
